// !$*UTF8*$!
{
	archiveVersion = 1;
	classes = {
	};
	objectVersion = 50;
	objects = {

/* Begin PBXBuildFile section */
		92925A0322B91E0200415E75 /* AppDelegate.swift in Sources */ = {isa = PBXBuildFile; fileRef = 92925A0222B91E0200415E75 /* AppDelegate.swift */; };
		92925A0522B91E0200415E75 /* SceneDelegate.swift in Sources */ = {isa = PBXBuildFile; fileRef = 92925A0422B91E0200415E75 /* SceneDelegate.swift */; };
		92925A0822B91E0200415E75 /* NewsWithSwiftUI.xcdatamodeld in Sources */ = {isa = PBXBuildFile; fileRef = 92925A0622B91E0200415E75 /* NewsWithSwiftUI.xcdatamodeld */; };
		92925A0A22B91E0200415E75 /* ContentView.swift in Sources */ = {isa = PBXBuildFile; fileRef = 92925A0922B91E0200415E75 /* ContentView.swift */; };
		92925A0C22B91E0800415E75 /* Assets.xcassets in Resources */ = {isa = PBXBuildFile; fileRef = 92925A0B22B91E0700415E75 /* Assets.xcassets */; };
		92925A0F22B91E0800415E75 /* Preview Assets.xcassets in Resources */ = {isa = PBXBuildFile; fileRef = 92925A0E22B91E0800415E75 /* Preview Assets.xcassets */; };
		92925A1222B91E0800415E75 /* LaunchScreen.storyboard in Resources */ = {isa = PBXBuildFile; fileRef = 92925A1022B91E0800415E75 /* LaunchScreen.storyboard */; };
		92925A1D22B91E0800415E75 /* NewsWithSwiftUITests.swift in Sources */ = {isa = PBXBuildFile; fileRef = 92925A1C22B91E0800415E75 /* NewsWithSwiftUITests.swift */; };
		92BBA92822B924B9009BA314 /* Article.swift in Sources */ = {isa = PBXBuildFile; fileRef = 92BBA92722B924B9009BA314 /* Article.swift */; };
		92BBA92A22B92753009BA314 /* News.swift in Sources */ = {isa = PBXBuildFile; fileRef = 92BBA92922B92753009BA314 /* News.swift */; };
/* End PBXBuildFile section */

/* Begin PBXContainerItemProxy section */
		92925A1922B91E0800415E75 /* PBXContainerItemProxy */ = {
			isa = PBXContainerItemProxy;
			containerPortal = 929259F722B91E0200415E75 /* Project object */;
			proxyType = 1;
			remoteGlobalIDString = 929259FE22B91E0200415E75;
			remoteInfo = NewsWithSwiftUI;
		};
/* End PBXContainerItemProxy section */

/* Begin PBXFileReference section */
		929259FF22B91E0200415E75 /* NewsWithSwiftUI.app */ = {isa = PBXFileReference; explicitFileType = wrapper.application; includeInIndex = 0; path = NewsWithSwiftUI.app; sourceTree = BUILT_PRODUCTS_DIR; };
		92925A0222B91E0200415E75 /* AppDelegate.swift */ = {isa = PBXFileReference; lastKnownFileType = sourcecode.swift; path = AppDelegate.swift; sourceTree = "<group>"; };
		92925A0422B91E0200415E75 /* SceneDelegate.swift */ = {isa = PBXFileReference; lastKnownFileType = sourcecode.swift; path = SceneDelegate.swift; sourceTree = "<group>"; };
		92925A0722B91E0200415E75 /* NewsWithSwiftUI.xcdatamodel */ = {isa = PBXFileReference; lastKnownFileType = wrapper.xcdatamodel; path = NewsWithSwiftUI.xcdatamodel; sourceTree = "<group>"; };
		92925A0922B91E0200415E75 /* ContentView.swift */ = {isa = PBXFileReference; lastKnownFileType = sourcecode.swift; path = ContentView.swift; sourceTree = "<group>"; };
		92925A0B22B91E0700415E75 /* Assets.xcassets */ = {isa = PBXFileReference; lastKnownFileType = folder.assetcatalog; path = Assets.xcassets; sourceTree = "<group>"; };
		92925A0E22B91E0800415E75 /* Preview Assets.xcassets */ = {isa = PBXFileReference; lastKnownFileType = folder.assetcatalog; path = "Preview Assets.xcassets"; sourceTree = "<group>"; };
		92925A1122B91E0800415E75 /* Base */ = {isa = PBXFileReference; lastKnownFileType = file.storyboard; name = Base; path = Base.lproj/LaunchScreen.storyboard; sourceTree = "<group>"; };
		92925A1322B91E0800415E75 /* Info.plist */ = {isa = PBXFileReference; lastKnownFileType = text.plist.xml; path = Info.plist; sourceTree = "<group>"; };
		92925A1822B91E0800415E75 /* NewsWithSwiftUITests.xctest */ = {isa = PBXFileReference; explicitFileType = wrapper.cfbundle; includeInIndex = 0; path = NewsWithSwiftUITests.xctest; sourceTree = BUILT_PRODUCTS_DIR; };
		92925A1C22B91E0800415E75 /* NewsWithSwiftUITests.swift */ = {isa = PBXFileReference; lastKnownFileType = sourcecode.swift; path = NewsWithSwiftUITests.swift; sourceTree = "<group>"; };
		92925A1E22B91E0800415E75 /* Info.plist */ = {isa = PBXFileReference; lastKnownFileType = text.plist.xml; path = Info.plist; sourceTree = "<group>"; };
		92BBA92722B924B9009BA314 /* Article.swift */ = {isa = PBXFileReference; lastKnownFileType = sourcecode.swift; path = Article.swift; sourceTree = "<group>"; };
		92BBA92922B92753009BA314 /* News.swift */ = {isa = PBXFileReference; lastKnownFileType = sourcecode.swift; path = News.swift; sourceTree = "<group>"; };
/* End PBXFileReference section */

/* Begin PBXFrameworksBuildPhase section */
		929259FC22B91E0200415E75 /* Frameworks */ = {
			isa = PBXFrameworksBuildPhase;
			buildActionMask = 2147483647;
			files = (
			);
			runOnlyForDeploymentPostprocessing = 0;
		};
		92925A1522B91E0800415E75 /* Frameworks */ = {
			isa = PBXFrameworksBuildPhase;
			buildActionMask = 2147483647;
			files = (
			);
			runOnlyForDeploymentPostprocessing = 0;
		};
/* End PBXFrameworksBuildPhase section */

/* Begin PBXGroup section */
		929259F622B91E0200415E75 = {
			isa = PBXGroup;
			children = (
				92925A0122B91E0200415E75 /* NewsWithSwiftUI */,
				92925A1B22B91E0800415E75 /* NewsWithSwiftUITests */,
				92925A0022B91E0200415E75 /* Products */,
			);
			sourceTree = "<group>";
		};
		92925A0022B91E0200415E75 /* Products */ = {
			isa = PBXGroup;
			children = (
				929259FF22B91E0200415E75 /* NewsWithSwiftUI.app */,
				92925A1822B91E0800415E75 /* NewsWithSwiftUITests.xctest */,
			);
			name = Products;
			sourceTree = "<group>";
		};
		92925A0122B91E0200415E75 /* NewsWithSwiftUI */ = {
			isa = PBXGroup;
			children = (
				92BBA92622B923DD009BA314 /* Model */,
				92925A0222B91E0200415E75 /* AppDelegate.swift */,
				92925A0422B91E0200415E75 /* SceneDelegate.swift */,
				92925A0922B91E0200415E75 /* ContentView.swift */,
				92925A0B22B91E0700415E75 /* Assets.xcassets */,
				92925A1022B91E0800415E75 /* LaunchScreen.storyboard */,
				92925A1322B91E0800415E75 /* Info.plist */,
				92925A0622B91E0200415E75 /* NewsWithSwiftUI.xcdatamodeld */,
				92925A0D22B91E0800415E75 /* Preview Content */,
			);
			path = NewsWithSwiftUI;
			sourceTree = "<group>";
		};
		92925A0D22B91E0800415E75 /* Preview Content */ = {
			isa = PBXGroup;
			children = (
				92925A0E22B91E0800415E75 /* Preview Assets.xcassets */,
			);
			path = "Preview Content";
			sourceTree = "<group>";
		};
		92925A1B22B91E0800415E75 /* NewsWithSwiftUITests */ = {
			isa = PBXGroup;
			children = (
				92925A1C22B91E0800415E75 /* NewsWithSwiftUITests.swift */,
				92925A1E22B91E0800415E75 /* Info.plist */,
			);
			path = NewsWithSwiftUITests;
			sourceTree = "<group>";
		};
		92BBA92622B923DD009BA314 /* Model */ = {
			isa = PBXGroup;
			children = (
				92BBA92722B924B9009BA314 /* Article.swift */,
				92BBA92922B92753009BA314 /* News.swift */,
			);
			path = Model;
			sourceTree = "<group>";
		};
/* End PBXGroup section */

/* Begin PBXNativeTarget section */
		929259FE22B91E0200415E75 /* NewsWithSwiftUI */ = {
			isa = PBXNativeTarget;
			buildConfigurationList = 92925A2122B91E0800415E75 /* Build configuration list for PBXNativeTarget "NewsWithSwiftUI" */;
			buildPhases = (
				929259FB22B91E0200415E75 /* Sources */,
				929259FC22B91E0200415E75 /* Frameworks */,
				929259FD22B91E0200415E75 /* Resources */,
			);
			buildRules = (
			);
			dependencies = (
			);
			name = NewsWithSwiftUI;
			productName = NewsWithSwiftUI;
			productReference = 929259FF22B91E0200415E75 /* NewsWithSwiftUI.app */;
			productType = "com.apple.product-type.application";
		};
		92925A1722B91E0800415E75 /* NewsWithSwiftUITests */ = {
			isa = PBXNativeTarget;
			buildConfigurationList = 92925A2422B91E0800415E75 /* Build configuration list for PBXNativeTarget "NewsWithSwiftUITests" */;
			buildPhases = (
				92925A1422B91E0800415E75 /* Sources */,
				92925A1522B91E0800415E75 /* Frameworks */,
				92925A1622B91E0800415E75 /* Resources */,
			);
			buildRules = (
			);
			dependencies = (
				92925A1A22B91E0800415E75 /* PBXTargetDependency */,
			);
			name = NewsWithSwiftUITests;
			productName = NewsWithSwiftUITests;
			productReference = 92925A1822B91E0800415E75 /* NewsWithSwiftUITests.xctest */;
			productType = "com.apple.product-type.bundle.unit-test";
		};
/* End PBXNativeTarget section */

/* Begin PBXProject section */
		929259F722B91E0200415E75 /* Project object */ = {
			isa = PBXProject;
			attributes = {
				LastSwiftUpdateCheck = 1100;
				LastUpgradeCheck = 1100;
				ORGANIZATIONNAME = "Alan Victor Paulino de Oliveira";
				TargetAttributes = {
					929259FE22B91E0200415E75 = {
						CreatedOnToolsVersion = 11.0;
					};
					92925A1722B91E0800415E75 = {
						CreatedOnToolsVersion = 11.0;
						TestTargetID = 929259FE22B91E0200415E75;
					};
				};
			};
			buildConfigurationList = 929259FA22B91E0200415E75 /* Build configuration list for PBXProject "NewsWithSwiftUI" */;
			compatibilityVersion = "Xcode 9.3";
			developmentRegion = en;
			hasScannedForEncodings = 0;
			knownRegions = (
				en,
				Base,
			);
			mainGroup = 929259F622B91E0200415E75;
			productRefGroup = 92925A0022B91E0200415E75 /* Products */;
			projectDirPath = "";
			projectRoot = "";
			targets = (
				929259FE22B91E0200415E75 /* NewsWithSwiftUI */,
				92925A1722B91E0800415E75 /* NewsWithSwiftUITests */,
			);
		};
/* End PBXProject section */

/* Begin PBXResourcesBuildPhase section */
		929259FD22B91E0200415E75 /* Resources */ = {
			isa = PBXResourcesBuildPhase;
			buildActionMask = 2147483647;
			files = (
				92925A1222B91E0800415E75 /* LaunchScreen.storyboard in Resources */,
				92925A0F22B91E0800415E75 /* Preview Assets.xcassets in Resources */,
				92925A0C22B91E0800415E75 /* Assets.xcassets in Resources */,
			);
			runOnlyForDeploymentPostprocessing = 0;
		};
		92925A1622B91E0800415E75 /* Resources */ = {
			isa = PBXResourcesBuildPhase;
			buildActionMask = 2147483647;
			files = (
			);
			runOnlyForDeploymentPostprocessing = 0;
		};
/* End PBXResourcesBuildPhase section */

/* Begin PBXSourcesBuildPhase section */
		929259FB22B91E0200415E75 /* Sources */ = {
			isa = PBXSourcesBuildPhase;
			buildActionMask = 2147483647;
			files = (
				92BBA92A22B92753009BA314 /* News.swift in Sources */,
				92925A0322B91E0200415E75 /* AppDelegate.swift in Sources */,
				92925A0822B91E0200415E75 /* NewsWithSwiftUI.xcdatamodeld in Sources */,
				92925A0A22B91E0200415E75 /* ContentView.swift in Sources */,
				92925A0522B91E0200415E75 /* SceneDelegate.swift in Sources */,
				92BBA92822B924B9009BA314 /* Article.swift in Sources */,
			);
			runOnlyForDeploymentPostprocessing = 0;
		};
		92925A1422B91E0800415E75 /* Sources */ = {
			isa = PBXSourcesBuildPhase;
			buildActionMask = 2147483647;
			files = (
				92925A1D22B91E0800415E75 /* NewsWithSwiftUITests.swift in Sources */,
			);
			runOnlyForDeploymentPostprocessing = 0;
		};
/* End PBXSourcesBuildPhase section */

/* Begin PBXTargetDependency section */
		92925A1A22B91E0800415E75 /* PBXTargetDependency */ = {
			isa = PBXTargetDependency;
			target = 929259FE22B91E0200415E75 /* NewsWithSwiftUI */;
			targetProxy = 92925A1922B91E0800415E75 /* PBXContainerItemProxy */;
		};
/* End PBXTargetDependency section */

/* Begin PBXVariantGroup section */
		92925A1022B91E0800415E75 /* LaunchScreen.storyboard */ = {
			isa = PBXVariantGroup;
			children = (
				92925A1122B91E0800415E75 /* Base */,
			);
			name = LaunchScreen.storyboard;
			sourceTree = "<group>";
		};
/* End PBXVariantGroup section */

/* Begin XCBuildConfiguration section */
		92925A1F22B91E0800415E75 /* Debug */ = {
			isa = XCBuildConfiguration;
			buildSettings = {
				ALWAYS_SEARCH_USER_PATHS = NO;
				CLANG_ANALYZER_NONNULL = YES;
				CLANG_ANALYZER_NUMBER_OBJECT_CONVERSION = YES_AGGRESSIVE;
				CLANG_CXX_LANGUAGE_STANDARD = "gnu++14";
				CLANG_CXX_LIBRARY = "libc++";
				CLANG_ENABLE_MODULES = YES;
				CLANG_ENABLE_OBJC_ARC = YES;
				CLANG_ENABLE_OBJC_WEAK = YES;
				CLANG_WARN_BLOCK_CAPTURE_AUTORELEASING = YES;
				CLANG_WARN_BOOL_CONVERSION = YES;
				CLANG_WARN_COMMA = YES;
				CLANG_WARN_CONSTANT_CONVERSION = YES;
				CLANG_WARN_DEPRECATED_OBJC_IMPLEMENTATIONS = YES;
				CLANG_WARN_DIRECT_OBJC_ISA_USAGE = YES_ERROR;
				CLANG_WARN_DOCUMENTATION_COMMENTS = YES;
				CLANG_WARN_EMPTY_BODY = YES;
				CLANG_WARN_ENUM_CONVERSION = YES;
				CLANG_WARN_INFINITE_RECURSION = YES;
				CLANG_WARN_INT_CONVERSION = YES;
				CLANG_WARN_NON_LITERAL_NULL_CONVERSION = YES;
				CLANG_WARN_OBJC_IMPLICIT_RETAIN_SELF = YES;
				CLANG_WARN_OBJC_LITERAL_CONVERSION = YES;
				CLANG_WARN_OBJC_ROOT_CLASS = YES_ERROR;
				CLANG_WARN_RANGE_LOOP_ANALYSIS = YES;
				CLANG_WARN_STRICT_PROTOTYPES = YES;
				CLANG_WARN_SUSPICIOUS_MOVE = YES;
				CLANG_WARN_UNGUARDED_AVAILABILITY = YES_AGGRESSIVE;
				CLANG_WARN_UNREACHABLE_CODE = YES;
				CLANG_WARN__DUPLICATE_METHOD_MATCH = YES;
				COPY_PHASE_STRIP = NO;
				DEBUG_INFORMATION_FORMAT = dwarf;
				ENABLE_STRICT_OBJC_MSGSEND = YES;
				ENABLE_TESTABILITY = YES;
				GCC_C_LANGUAGE_STANDARD = gnu11;
				GCC_DYNAMIC_NO_PIC = NO;
				GCC_NO_COMMON_BLOCKS = YES;
				GCC_OPTIMIZATION_LEVEL = 0;
				GCC_PREPROCESSOR_DEFINITIONS = (
					"DEBUG=1",
					"$(inherited)",
				);
				GCC_WARN_64_TO_32_BIT_CONVERSION = YES;
				GCC_WARN_ABOUT_RETURN_TYPE = YES_ERROR;
				GCC_WARN_UNDECLARED_SELECTOR = YES;
				GCC_WARN_UNINITIALIZED_AUTOS = YES_AGGRESSIVE;
				GCC_WARN_UNUSED_FUNCTION = YES;
				GCC_WARN_UNUSED_VARIABLE = YES;
				IPHONEOS_DEPLOYMENT_TARGET = 13.0;
				MTL_ENABLE_DEBUG_INFO = INCLUDE_SOURCE;
				MTL_FAST_MATH = YES;
				ONLY_ACTIVE_ARCH = YES;
				SDKROOT = iphoneos;
				SWIFT_ACTIVE_COMPILATION_CONDITIONS = DEBUG;
				SWIFT_OPTIMIZATION_LEVEL = "-Onone";
			};
			name = Debug;
		};
		92925A2022B91E0800415E75 /* Release */ = {
			isa = XCBuildConfiguration;
			buildSettings = {
				ALWAYS_SEARCH_USER_PATHS = NO;
				CLANG_ANALYZER_NONNULL = YES;
				CLANG_ANALYZER_NUMBER_OBJECT_CONVERSION = YES_AGGRESSIVE;
				CLANG_CXX_LANGUAGE_STANDARD = "gnu++14";
				CLANG_CXX_LIBRARY = "libc++";
				CLANG_ENABLE_MODULES = YES;
				CLANG_ENABLE_OBJC_ARC = YES;
				CLANG_ENABLE_OBJC_WEAK = YES;
				CLANG_WARN_BLOCK_CAPTURE_AUTORELEASING = YES;
				CLANG_WARN_BOOL_CONVERSION = YES;
				CLANG_WARN_COMMA = YES;
				CLANG_WARN_CONSTANT_CONVERSION = YES;
				CLANG_WARN_DEPRECATED_OBJC_IMPLEMENTATIONS = YES;
				CLANG_WARN_DIRECT_OBJC_ISA_USAGE = YES_ERROR;
				CLANG_WARN_DOCUMENTATION_COMMENTS = YES;
				CLANG_WARN_EMPTY_BODY = YES;
				CLANG_WARN_ENUM_CONVERSION = YES;
				CLANG_WARN_INFINITE_RECURSION = YES;
				CLANG_WARN_INT_CONVERSION = YES;
				CLANG_WARN_NON_LITERAL_NULL_CONVERSION = YES;
				CLANG_WARN_OBJC_IMPLICIT_RETAIN_SELF = YES;
				CLANG_WARN_OBJC_LITERAL_CONVERSION = YES;
				CLANG_WARN_OBJC_ROOT_CLASS = YES_ERROR;
				CLANG_WARN_RANGE_LOOP_ANALYSIS = YES;
				CLANG_WARN_STRICT_PROTOTYPES = YES;
				CLANG_WARN_SUSPICIOUS_MOVE = YES;
				CLANG_WARN_UNGUARDED_AVAILABILITY = YES_AGGRESSIVE;
				CLANG_WARN_UNREACHABLE_CODE = YES;
				CLANG_WARN__DUPLICATE_METHOD_MATCH = YES;
				COPY_PHASE_STRIP = NO;
				DEBUG_INFORMATION_FORMAT = "dwarf-with-dsym";
				ENABLE_NS_ASSERTIONS = NO;
				ENABLE_STRICT_OBJC_MSGSEND = YES;
				GCC_C_LANGUAGE_STANDARD = gnu11;
				GCC_NO_COMMON_BLOCKS = YES;
				GCC_WARN_64_TO_32_BIT_CONVERSION = YES;
				GCC_WARN_ABOUT_RETURN_TYPE = YES_ERROR;
				GCC_WARN_UNDECLARED_SELECTOR = YES;
				GCC_WARN_UNINITIALIZED_AUTOS = YES_AGGRESSIVE;
				GCC_WARN_UNUSED_FUNCTION = YES;
				GCC_WARN_UNUSED_VARIABLE = YES;
				IPHONEOS_DEPLOYMENT_TARGET = 13.0;
				MTL_ENABLE_DEBUG_INFO = NO;
				MTL_FAST_MATH = YES;
				SDKROOT = iphoneos;
				SWIFT_COMPILATION_MODE = wholemodule;
				SWIFT_OPTIMIZATION_LEVEL = "-O";
				VALIDATE_PRODUCT = YES;
			};
			name = Release;
		};
		92925A2222B91E0800415E75 /* Debug */ = {
			isa = XCBuildConfiguration;
			buildSettings = {
				ASSETCATALOG_COMPILER_APPICON_NAME = AppIcon;
				CODE_SIGN_STYLE = Automatic;
				DEVELOPMENT_ASSET_PATHS = "NewsWithSwiftUI/Preview\\ Content";
				DEVELOPMENT_TEAM = NM36QJ4P82;
				ENABLE_PREVIEWS = YES;
				INFOPLIST_FILE = NewsWithSwiftUI/Info.plist;
				LD_RUNPATH_SEARCH_PATHS = (
					"$(inherited)",
					"@executable_path/Frameworks",
				);
				PRODUCT_BUNDLE_IDENTIFIER = alanvictor.NewsWithSwiftUI;
				PRODUCT_NAME = "$(TARGET_NAME)";
				SWIFT_VERSION = 5.0;
				TARGETED_DEVICE_FAMILY = "1,2";
			};
			name = Debug;
		};
		92925A2322B91E0800415E75 /* Release */ = {
			isa = XCBuildConfiguration;
			buildSettings = {
				ASSETCATALOG_COMPILER_APPICON_NAME = AppIcon;
				CODE_SIGN_STYLE = Automatic;
				DEVELOPMENT_ASSET_PATHS = "NewsWithSwiftUI/Preview\\ Content";
				DEVELOPMENT_TEAM = NM36QJ4P82;
				ENABLE_PREVIEWS = YES;
				INFOPLIST_FILE = NewsWithSwiftUI/Info.plist;
				LD_RUNPATH_SEARCH_PATHS = (
					"$(inherited)",
					"@executable_path/Frameworks",
				);
				PRODUCT_BUNDLE_IDENTIFIER = alanvictor.NewsWithSwiftUI;
				PRODUCT_NAME = "$(TARGET_NAME)";
				SWIFT_VERSION = 5.0;
				TARGETED_DEVICE_FAMILY = "1,2";
			};
			name = Release;
		};
		92925A2522B91E0800415E75 /* Debug */ = {
			isa = XCBuildConfiguration;
			buildSettings = {
				ALWAYS_EMBED_SWIFT_STANDARD_LIBRARIES = YES;
				BUNDLE_LOADER = "$(TEST_HOST)";
				CODE_SIGN_STYLE = Automatic;
				DEVELOPMENT_TEAM = NM36QJ4P82;
				INFOPLIST_FILE = NewsWithSwiftUITests/Info.plist;
				LD_RUNPATH_SEARCH_PATHS = (
					"$(inherited)",
					"@executable_path/Frameworks",
					"@loader_path/Frameworks",
				);
				PRODUCT_BUNDLE_IDENTIFIER = alanvictor.NewsWithSwiftUITests;
				PRODUCT_NAME = "$(TARGET_NAME)";
				SWIFT_VERSION = 5.0;
				TARGETED_DEVICE_FAMILY = "1,2";
				TEST_HOST = "$(BUILT_PRODUCTS_DIR)/NewsWithSwiftUI.app/NewsWithSwiftUI";
			};
			name = Debug;
		};
		92925A2622B91E0800415E75 /* Release */ = {
			isa = XCBuildConfiguration;
			buildSettings = {
				ALWAYS_EMBED_SWIFT_STANDARD_LIBRARIES = YES;
				BUNDLE_LOADER = "$(TEST_HOST)";
				CODE_SIGN_STYLE = Automatic;
				DEVELOPMENT_TEAM = NM36QJ4P82;
				INFOPLIST_FILE = NewsWithSwiftUITests/Info.plist;
				LD_RUNPATH_SEARCH_PATHS = (
					"$(inherited)",
					"@executable_path/Frameworks",
					"@loader_path/Frameworks",
				);
				PRODUCT_BUNDLE_IDENTIFIER = alanvictor.NewsWithSwiftUITests;
				PRODUCT_NAME = "$(TARGET_NAME)";
				SWIFT_VERSION = 5.0;
				TARGETED_DEVICE_FAMILY = "1,2";
				TEST_HOST = "$(BUILT_PRODUCTS_DIR)/NewsWithSwiftUI.app/NewsWithSwiftUI";
			};
			name = Release;
		};
/* End XCBuildConfiguration section */

/* Begin XCConfigurationList section */
		929259FA22B91E0200415E75 /* Build configuration list for PBXProject "NewsWithSwiftUI" */ = {
			isa = XCConfigurationList;
			buildConfigurations = (
				92925A1F22B91E0800415E75 /* Debug */,
				92925A2022B91E0800415E75 /* Release */,
			);
			defaultConfigurationIsVisible = 0;
			defaultConfigurationName = Release;
		};
		92925A2122B91E0800415E75 /* Build configuration list for PBXNativeTarget "NewsWithSwiftUI" */ = {
			isa = XCConfigurationList;
			buildConfigurations = (
				92925A2222B91E0800415E75 /* Debug */,
				92925A2322B91E0800415E75 /* Release */,
			);
			defaultConfigurationIsVisible = 0;
			defaultConfigurationName = Release;
		};
		92925A2422B91E0800415E75 /* Build configuration list for PBXNativeTarget "NewsWithSwiftUITests" */ = {
			isa = XCConfigurationList;
			buildConfigurations = (
				92925A2522B91E0800415E75 /* Debug */,
				92925A2622B91E0800415E75 /* Release */,
			);
			defaultConfigurationIsVisible = 0;
			defaultConfigurationName = Release;
		};
/* End XCConfigurationList section */

/* Begin XCVersionGroup section */
		92925A0622B91E0200415E75 /* NewsWithSwiftUI.xcdatamodeld */ = {
			isa = XCVersionGroup;
			children = (
				92925A0722B91E0200415E75 /* NewsWithSwiftUI.xcdatamodel */,
			);
			currentVersion = 92925A0722B91E0200415E75 /* NewsWithSwiftUI.xcdatamodel */;
			path = NewsWithSwiftUI.xcdatamodeld;
			sourceTree = "<group>";
			versionGroupType = wrapper.xcdatamodel;
		};
/* End XCVersionGroup section */
	};
	rootObject = 929259F722B91E0200415E75 /* Project object */;
}
